// !$*UTF8*$!
{
	archiveVersion = 1;
	classes = {
	};
	objectVersion = 46;
	objects = {

/* Begin PBXBuildFile section */
		7935D02C1DDA0AEF00C2E274 /* ConversionViewController.swift in Sources */ = {isa = PBXBuildFile; fileRef = 7935D02B1DDA0AEF00C2E274 /* ConversionViewController.swift */; };
		7935D0301DDBFEF900C2E274 /* MapKit.framework in Frameworks */ = {isa = PBXBuildFile; fileRef = 7935D02E1DDBFC9F00C2E274 /* MapKit.framework */; };
		7935D0321DDC164800C2E274 /* MapViewController.swift in Sources */ = {isa = PBXBuildFile; fileRef = 7935D0311DDC164800C2E274 /* MapViewController.swift */; };
		799EF9DC1DD82975009A75FE /* AppDelegate.swift in Sources */ = {isa = PBXBuildFile; fileRef = 799EF9DB1DD82975009A75FE /* AppDelegate.swift */; };
		799EF9E11DD82975009A75FE /* Main.storyboard in Resources */ = {isa = PBXBuildFile; fileRef = 799EF9DF1DD82975009A75FE /* Main.storyboard */; };
		799EF9E31DD82975009A75FE /* Assets.xcassets in Resources */ = {isa = PBXBuildFile; fileRef = 799EF9E21DD82975009A75FE /* Assets.xcassets */; };
		799EF9E61DD82975009A75FE /* LaunchScreen.storyboard in Resources */ = {isa = PBXBuildFile; fileRef = 799EF9E41DD82975009A75FE /* LaunchScreen.storyboard */; };
/* End PBXBuildFile section */

/* Begin PBXFileReference section */
		7935D02B1DDA0AEF00C2E274 /* ConversionViewController.swift */ = {isa = PBXFileReference; fileEncoding = 4; lastKnownFileType = sourcecode.swift; path = ConversionViewController.swift; sourceTree = "<group>"; };
		7935D02E1DDBFC9F00C2E274 /* MapKit.framework */ = {isa = PBXFileReference; lastKnownFileType = wrapper.framework; name = MapKit.framework; path = System/Library/Frameworks/MapKit.framework; sourceTree = SDKROOT; };
		7935D0311DDC164800C2E274 /* MapViewController.swift */ = {isa = PBXFileReference; fileEncoding = 4; lastKnownFileType = sourcecode.swift; path = MapViewController.swift; sourceTree = "<group>"; };
		799EF9D81DD82975009A75FE /* WorldTrotter.app */ = {isa = PBXFileReference; explicitFileType = wrapper.application; includeInIndex = 0; path = WorldTrotter.app; sourceTree = BUILT_PRODUCTS_DIR; };
		799EF9DB1DD82975009A75FE /* AppDelegate.swift */ = {isa = PBXFileReference; lastKnownFileType = sourcecode.swift; path = AppDelegate.swift; sourceTree = "<group>"; };
		799EF9E01DD82975009A75FE /* Base */ = {isa = PBXFileReference; lastKnownFileType = file.storyboard; name = Base; path = Base.lproj/Main.storyboard; sourceTree = "<group>"; };
		799EF9E21DD82975009A75FE /* Assets.xcassets */ = {isa = PBXFileReference; lastKnownFileType = folder.assetcatalog; path = Assets.xcassets; sourceTree = "<group>"; };
		799EF9E51DD82975009A75FE /* Base */ = {isa = PBXFileReference; lastKnownFileType = file.storyboard; name = Base; path = Base.lproj/LaunchScreen.storyboard; sourceTree = "<group>"; };
		799EF9E71DD82975009A75FE /* Info.plist */ = {isa = PBXFileReference; lastKnownFileType = text.plist.xml; path = Info.plist; sourceTree = "<group>"; };
/* End PBXFileReference section */

/* Begin PBXFrameworksBuildPhase section */
		799EF9D51DD82975009A75FE /* Frameworks */ = {
			isa = PBXFrameworksBuildPhase;
			buildActionMask = 2147483647;
			files = (
				7935D0301DDBFEF900C2E274 /* MapKit.framework in Frameworks */,
			);
			runOnlyForDeploymentPostprocessing = 0;
		};
/* End PBXFrameworksBuildPhase section */

/* Begin PBXGroup section */
		7935D02D1DDBFC9F00C2E274 /* Frameworks */ = {
			isa = PBXGroup;
			children = (
				7935D02E1DDBFC9F00C2E274 /* MapKit.framework */,
			);
			name = Frameworks;
			sourceTree = "<group>";
		};
		799EF9CF1DD82975009A75FE = {
			isa = PBXGroup;
			children = (
				799EF9DA1DD82975009A75FE /* WorldTrotter */,
				799EF9D91DD82975009A75FE /* Products */,
				7935D02D1DDBFC9F00C2E274 /* Frameworks */,
			);
			sourceTree = "<group>";
		};
		799EF9D91DD82975009A75FE /* Products */ = {
			isa = PBXGroup;
			children = (
				799EF9D81DD82975009A75FE /* WorldTrotter.app */,
			);
			name = Products;
			sourceTree = "<group>";
		};
		799EF9DA1DD82975009A75FE /* WorldTrotter */ = {
			isa = PBXGroup;
			children = (
				799EF9DB1DD82975009A75FE /* AppDelegate.swift */,
				7935D02B1DDA0AEF00C2E274 /* ConversionViewController.swift */,
				7935D0311DDC164800C2E274 /* MapViewController.swift */,
				799EF9DF1DD82975009A75FE /* Main.storyboard */,
				799EF9E21DD82975009A75FE /* Assets.xcassets */,
				799EF9E41DD82975009A75FE /* LaunchScreen.storyboard */,
				799EF9E71DD82975009A75FE /* Info.plist */,
			);
			path = WorldTrotter;
			sourceTree = "<group>";
		};
/* End PBXGroup section */

/* Begin PBXNativeTarget section */
		799EF9D71DD82975009A75FE /* WorldTrotter */ = {
			isa = PBXNativeTarget;
			buildConfigurationList = 799EF9EA1DD82975009A75FE /* Build configuration list for PBXNativeTarget "WorldTrotter" */;
			buildPhases = (
				799EF9D41DD82975009A75FE /* Sources */,
				799EF9D51DD82975009A75FE /* Frameworks */,
				799EF9D61DD82975009A75FE /* Resources */,
			);
			buildRules = (
			);
			dependencies = (
			);
			name = WorldTrotter;
			productName = WorldTrotter;
			productReference = 799EF9D81DD82975009A75FE /* WorldTrotter.app */;
			productType = "com.apple.product-type.application";
		};
/* End PBXNativeTarget section */

/* Begin PBXProject section */
		799EF9D01DD82975009A75FE /* Project object */ = {
			isa = PBXProject;
			attributes = {
				LastSwiftUpdateCheck = 0800;
				LastUpgradeCheck = 0800;
				ORGANIZATIONNAME = "Richard Wang";
				TargetAttributes = {
					799EF9D71DD82975009A75FE = {
						CreatedOnToolsVersion = 8.0;
						DevelopmentTeam = AAHU74A457;
						ProvisioningStyle = Automatic;
					};
				};
			};
			buildConfigurationList = 799EF9D31DD82975009A75FE /* Build configuration list for PBXProject "WorldTrotter" */;
			compatibilityVersion = "Xcode 3.2";
			developmentRegion = English;
			hasScannedForEncodings = 0;
			knownRegions = (
				en,
				Base,
			);
			mainGroup = 799EF9CF1DD82975009A75FE;
			productRefGroup = 799EF9D91DD82975009A75FE /* Products */;
			projectDirPath = "";
			projectRoot = "";
			targets = (
				799EF9D71DD82975009A75FE /* WorldTrotter */,
			);
		};
/* End PBXProject section */

/* Begin PBXResourcesBuildPhase section */
		799EF9D61DD82975009A75FE /* Resources */ = {
			isa = PBXResourcesBuildPhase;
			buildActionMask = 2147483647;
			files = (
				799EF9E61DD82975009A75FE /* LaunchScreen.storyboard in Resources */,
				799EF9E31DD82975009A75FE /* Assets.xcassets in Resources */,
				799EF9E11DD82975009A75FE /* Main.storyboard in Resources */,
			);
			runOnlyForDeploymentPostprocessing = 0;
		};
/* End PBXResourcesBuildPhase section */

/* Begin PBXSourcesBuildPhase section */
		799EF9D41DD82975009A75FE /* Sources */ = {
			isa = PBXSourcesBuildPhase;
			buildActionMask = 2147483647;
			files = (
				7935D02C1DDA0AEF00C2E274 /* ConversionViewController.swift in Sources */,
				7935D0321DDC164800C2E274 /* MapViewController.swift in Sources */,
				799EF9DC1DD82975009A75FE /* AppDelegate.swift in Sources */,
			);
			runOnlyForDeploymentPostprocessing = 0;
		};
/* End PBXSourcesBuildPhase section */

/* Begin PBXVariantGroup section */
		799EF9DF1DD82975009A75FE /* Main.storyboard */ = {
			isa = PBXVariantGroup;
			children = (
				799EF9E01DD82975009A75FE /* Base */,
			);
			name = Main.storyboard;
			sourceTree = "<group>";
		};
		799EF9E41DD82975009A75FE /* LaunchScreen.storyboard */ = {
			isa = PBXVariantGroup;
			children = (
				799EF9E51DD82975009A75FE /* Base */,
			);
			name = LaunchScreen.storyboard;
			sourceTree = "<group>";
		};
/* End PBXVariantGroup section */

/* Begin XCBuildConfiguration section */
		799EF9E81DD82975009A75FE /* Debug */ = {
			isa = XCBuildConfiguration;
			buildSettings = {
				ALWAYS_SEARCH_USER_PATHS = NO;
				CLANG_ANALYZER_NONNULL = YES;
				CLANG_CXX_LANGUAGE_STANDARD = "gnu++0x";
				CLANG_CXX_LIBRARY = "libc++";
				CLANG_ENABLE_MODULES = YES;
				CLANG_ENABLE_OBJC_ARC = YES;
				CLANG_WARN_BOOL_CONVERSION = YES;
				CLANG_WARN_CONSTANT_CONVERSION = YES;
				CLANG_WARN_DIRECT_OBJC_ISA_USAGE = YES_ERROR;
				CLANG_WARN_DOCUMENTATION_COMMENTS = YES;
				CLANG_WARN_EMPTY_BODY = YES;
				CLANG_WARN_ENUM_CONVERSION = YES;
				CLANG_WARN_INFINITE_RECURSION = YES;
				CLANG_WARN_INT_CONVERSION = YES;
				CLANG_WARN_OBJC_ROOT_CLASS = YES_ERROR;
				CLANG_WARN_SUSPICIOUS_MOVES = YES;
				CLANG_WARN_UNREACHABLE_CODE = YES;
				CLANG_WARN__DUPLICATE_METHOD_MATCH = YES;
				"CODE_SIGN_IDENTITY[sdk=iphoneos*]" = "iPhone Developer";
				COPY_PHASE_STRIP = NO;
				DEBUG_INFORMATION_FORMAT = dwarf;
				ENABLE_STRICT_OBJC_MSGSEND = YES;
				ENABLE_TESTABILITY = YES;
				GCC_C_LANGUAGE_STANDARD = gnu99;
				GCC_DYNAMIC_NO_PIC = NO;
				GCC_NO_COMMON_BLOCKS = YES;
				GCC_OPTIMIZATION_LEVEL = 0;
				GCC_PREPROCESSOR_DEFINITIONS = (
					"DEBUG=1",
					"$(inherited)",
				);
				GCC_WARN_64_TO_32_BIT_CONVERSION = YES;
				GCC_WARN_ABOUT_RETURN_TYPE = YES_ERROR;
				GCC_WARN_UNDECLARED_SELECTOR = YES;
				GCC_WARN_UNINITIALIZED_AUTOS = YES_AGGRESSIVE;
				GCC_WARN_UNUSED_FUNCTION = YES;
				GCC_WARN_UNUSED_VARIABLE = YES;
				IPHONEOS_DEPLOYMENT_TARGET = 10.0;
				MTL_ENABLE_DEBUG_INFO = YES;
				ONLY_ACTIVE_ARCH = YES;
				SDKROOT = iphoneos;
				SWIFT_ACTIVE_COMPILATION_CONDITIONS = DEBUG;
				SWIFT_OPTIMIZATION_LEVEL = "-Onone";
			};
			name = Debug;
		};
		799EF9E91DD82975009A75FE /* Release */ = {
			isa = XCBuildConfiguration;
			buildSettings = {
				ALWAYS_SEARCH_USER_PATHS = NO;
				CLANG_ANALYZER_NONNULL = YES;
				CLANG_CXX_LANGUAGE_STANDARD = "gnu++0x";
				CLANG_CXX_LIBRARY = "libc++";
				CLANG_ENABLE_MODULES = YES;
				CLANG_ENABLE_OBJC_ARC = YES;
				CLANG_WARN_BOOL_CONVERSION = YES;
				CLANG_WARN_CONSTANT_CONVERSION = YES;
				CLANG_WARN_DIRECT_OBJC_ISA_USAGE = YES_ERROR;
				CLANG_WARN_DOCUMENTATION_COMMENTS = YES;
				CLANG_WARN_EMPTY_BODY = YES;
				CLANG_WARN_ENUM_CONVERSION = YES;
				CLANG_WARN_INFINITE_RECURSION = YES;
				CLANG_WARN_INT_CONVERSION = YES;
				CLANG_WARN_OBJC_ROOT_CLASS = YES_ERROR;
				CLANG_WARN_SUSPICIOUS_MOVES = YES;
				CLANG_WARN_UNREACHABLE_CODE = YES;
				CLANG_WARN__DUPLICATE_METHOD_MATCH = YES;
				"CODE_SIGN_IDENTITY[sdk=iphoneos*]" = "iPhone Developer";
				COPY_PHASE_STRIP = NO;
				DEBUG_INFORMATION_FORMAT = "dwarf-with-dsym";
				ENABLE_NS_ASSERTIONS = NO;
				ENABLE_STRICT_OBJC_MSGSEND = YES;
				GCC_C_LANGUAGE_STANDARD = gnu99;
				GCC_NO_COMMON_BLOCKS = YES;
				GCC_WARN_64_TO_32_BIT_CONVERSION = YES;
				GCC_WARN_ABOUT_RETURN_TYPE = YES_ERROR;
				GCC_WARN_UNDECLARED_SELECTOR = YES;
				GCC_WARN_UNINITIALIZED_AUTOS = YES_AGGRESSIVE;
				GCC_WARN_UNUSED_FUNCTION = YES;
				GCC_WARN_UNUSED_VARIABLE = YES;
				IPHONEOS_DEPLOYMENT_TARGET = 10.0;
				MTL_ENABLE_DEBUG_INFO = NO;
				SDKROOT = iphoneos;
				SWIFT_OPTIMIZATION_LEVEL = "-Owholemodule";
				VALIDATE_PRODUCT = YES;
			};
			name = Release;
		};
		799EF9EB1DD82975009A75FE /* Debug */ = {
			isa = XCBuildConfiguration;
			buildSettings = {
				ASSETCATALOG_COMPILER_APPICON_NAME = AppIcon;
				DEVELOPMENT_TEAM = AAHU74A457;
				INFOPLIST_FILE = WorldTrotter/Info.plist;
				LD_RUNPATH_SEARCH_PATHS = "$(inherited) @executable_path/Frameworks";
				PRODUCT_BUNDLE_IDENTIFIER = com.chw.WorldTrotter;
				PRODUCT_NAME = "$(TARGET_NAME)";
				SWIFT_VERSION = 3.0;
			};
			name = Debug;
		};
		799EF9EC1DD82975009A75FE /* Release */ = {
			isa = XCBuildConfiguration;
			buildSettings = {
				ASSETCATALOG_COMPILER_APPICON_NAME = AppIcon;
				DEVELOPMENT_TEAM = AAHU74A457;
				INFOPLIST_FILE = WorldTrotter/Info.plist;
				LD_RUNPATH_SEARCH_PATHS = "$(inherited) @executable_path/Frameworks";
				PRODUCT_BUNDLE_IDENTIFIER = com.chw.WorldTrotter;
				PRODUCT_NAME = "$(TARGET_NAME)";
				SWIFT_VERSION = 3.0;
			};
			name = Release;
		};
/* End XCBuildConfiguration section */

/* Begin XCConfigurationList section */
		799EF9D31DD82975009A75FE /* Build configuration list for PBXProject "WorldTrotter" */ = {
			isa = XCConfigurationList;
			buildConfigurations = (
				799EF9E81DD82975009A75FE /* Debug */,
				799EF9E91DD82975009A75FE /* Release */,
			);
			defaultConfigurationIsVisible = 0;
			defaultConfigurationName = Release;
		};
		799EF9EA1DD82975009A75FE /* Build configuration list for PBXNativeTarget "WorldTrotter" */ = {
			isa = XCConfigurationList;
			buildConfigurations = (
				799EF9EB1DD82975009A75FE /* Debug */,
				799EF9EC1DD82975009A75FE /* Release */,
			);
			defaultConfigurationIsVisible = 0;
			defaultConfigurationName = Release;
		};
/* End XCConfigurationList section */
	};
	rootObject = 799EF9D01DD82975009A75FE /* Project object */;
}
